
Microsoft Visual Studio Solution File, Format Version 12.00
# Visual Studio Version 17
VisualStudioVersion = 17.4.33213.308
MinimumVisualStudioVersion = 10.0.40219.1
Project("{FAE04EC0-301F-11D3-BF4B-00C04F79EFBC}") = "NoteFee GSB", "NoteFee GSB\NoteFee GSB.csproj", "{0692B8F1-AB39-4BFE-9CD0-B5377BFE766A}"
EndProject
Global
	GlobalSection(SolutionConfigurationPlatforms) = preSolution
		Debug|Any CPU = Debug|Any CPU
		Release|Any CPU = Release|Any CPU
	EndGlobalSection
	GlobalSection(ProjectConfigurationPlatforms) = postSolution
		{0692B8F1-AB39-4BFE-9CD0-B5377BFE766A}.Debug|Any CPU.ActiveCfg = Debug|Any CPU
		{0692B8F1-AB39-4BFE-9CD0-B5377BFE766A}.Debug|Any CPU.Build.0 = Debug|Any CPU
		{0692B8F1-AB39-4BFE-9CD0-B5377BFE766A}.Release|Any CPU.ActiveCfg = Release|Any CPU
		{0692B8F1-AB39-4BFE-9CD0-B5377BFE766A}.Release|Any CPU.Build.0 = Release|Any CPU
	EndGlobalSection
	GlobalSection(SolutionProperties) = preSolution
		HideSolutionNode = FALSE
	EndGlobalSection
	GlobalSection(ExtensibilityGlobals) = postSolution
		SolutionGuid = {AFE5F4A2-4932-4953-9571-27335666997B}
	EndGlobalSection
EndGlobal
